
Microsoft Visual Studio Solution File, Format Version 12.00
# Visual Studio Version 16
VisualStudioVersion = 16.0.31605.320
MinimumVisualStudioVersion = 10.0.40219.1
Project("{FAE04EC0-301F-11D3-BF4B-00C04F79EFBC}") = "BetaSpecFlow1", "BetaSpecFlow1.csproj", "{D806FA17-2772-42AD-AF60-7897F91CAE74}"
EndProject
Global
	GlobalSection(SolutionConfigurationPlatforms) = preSolution
		Debug|Any CPU = Debug|Any CPU
		Release|Any CPU = Release|Any CPU
	EndGlobalSection
	GlobalSection(ProjectConfigurationPlatforms) = postSolution
		{D806FA17-2772-42AD-AF60-7897F91CAE74}.Debug|Any CPU.ActiveCfg = Debug|Any CPU
		{D806FA17-2772-42AD-AF60-7897F91CAE74}.Debug|Any CPU.Build.0 = Debug|Any CPU
		{D806FA17-2772-42AD-AF60-7897F91CAE74}.Release|Any CPU.ActiveCfg = Release|Any CPU
		{D806FA17-2772-42AD-AF60-7897F91CAE74}.Release|Any CPU.Build.0 = Release|Any CPU
	EndGlobalSection
	GlobalSection(SolutionProperties) = preSolution
		HideSolutionNode = FALSE
	EndGlobalSection
	GlobalSection(ExtensibilityGlobals) = postSolution
		SolutionGuid = {15D1B4BB-8F02-4E64-A8AE-96ECC89F9963}
	EndGlobalSection
EndGlobal
